// !$*UTF8*$!
{
	archiveVersion = 1;
	classes = {
	};
	objectVersion = 56;
	objects = {

/* Begin PBXBuildFile section */
		A1000001 /* CursorPlusApp.swift in Sources */ = {isa = PBXBuildFile; fileRef = A2000001 /* CursorPlusApp.swift */; };
		A1000002 /* PopoutView.swift in Sources */ = {isa = PBXBuildFile; fileRef = A2000002 /* PopoutView.swift */; };
		A1000003 /* AgentRunner.swift in Sources */ = {isa = PBXBuildFile; fileRef = A2000003 /* AgentRunner.swift */; };
		A1000004 /* SettingsView.swift in Sources */ = {isa = PBXBuildFile; fileRef = A2000004 /* SettingsView.swift */; };
		A1000005 /* Assets.xcassets in Resources */ = {isa = PBXBuildFile; fileRef = A2000005 /* Assets.xcassets */; };
		A1000006 /* ConversationModels.swift in Sources */ = {isa = PBXBuildFile; fileRef = A2000006 /* ConversationModels.swift */; };
		A1000007 /* CursorTheme.swift in Sources */ = {isa = PBXBuildFile; fileRef = A2000007 /* CursorTheme.swift */; };
		A1000008 /* WorkspaceHelpers.swift in Sources */ = {isa = PBXBuildFile; fileRef = A2000008 /* WorkspaceHelpers.swift */; };
		A1000009 /* AgentTabState.swift in Sources */ = {isa = PBXBuildFile; fileRef = A2000009 /* AgentTabState.swift */; };
		A1000010 /* SubmittableTextEditor.swift in Sources */ = {isa = PBXBuildFile; fileRef = A2000010 /* SubmittableTextEditor.swift */; };
		A1000011 /* BrandMark.swift in Sources */ = {isa = PBXBuildFile; fileRef = A2000011 /* BrandMark.swift */; };
		A1000012 /* TabChip.swift in Sources */ = {isa = PBXBuildFile; fileRef = A2000012 /* TabChip.swift */; };
		A1000013 /* OutputScrollView.swift in Sources */ = {isa = PBXBuildFile; fileRef = A2000013 /* OutputScrollView.swift */; };
		A1000014 /* ConversationViews.swift in Sources */ = {isa = PBXBuildFile; fileRef = A2000014 /* ConversationViews.swift */; };
		A1000015 /* QuickActionButtonsView.swift in Sources */ = {isa = PBXBuildFile; fileRef = A2000015 /* QuickActionButtonsView.swift */; };
		A1000016 /* WorkspacePickerView.swift in Sources */ = {isa = PBXBuildFile; fileRef = A2000016 /* WorkspacePickerView.swift */; };
		A1000017 /* ModelPickerView.swift in Sources */ = {isa = PBXBuildFile; fileRef = A2000017 /* ModelPickerView.swift */; };
		A1000018 /* GitBranchPickerView.swift in Sources */ = {isa = PBXBuildFile; fileRef = A2000018 /* GitBranchPickerView.swift */; };
		A1000019 /* ComposerActionButtonsView.swift in Sources */ = {isa = PBXBuildFile; fileRef = A2000019 /* ComposerActionButtonsView.swift */; };
		A1000020 /* ScreenshotCardView.swift in Sources */ = {isa = PBXBuildFile; fileRef = A2000020 /* ScreenshotCardView.swift */; };
		A1000035 /* ScreenshotPreviewModal.swift in Sources */ = {isa = PBXBuildFile; fileRef = A2000035 /* ScreenshotPreviewModal.swift */; };
		A1000043 /* ScreenshotThumbnailView.swift in Sources */ = {isa = PBXBuildFile; fileRef = A2000043 /* ScreenshotThumbnailView.swift */; };
		A1000037 /* EmbeddedTerminalView.swift in Sources */ = {isa = PBXBuildFile; fileRef = A2000037 /* EmbeddedTerminalView.swift */; };
		A1000038 /* TasksListView.swift in Sources */ = {isa = PBXBuildFile; fileRef = A2000038 /* TasksListView.swift */; };
		A1000044 /* DashboardView.swift in Sources */ = {isa = PBXBuildFile; fileRef = A2000044 /* DashboardView.swift */; };
		A1000039 /* ProjectTasksStorage.swift in Sources */ = {isa = PBXBuildFile; fileRef = A2000039 /* ProjectTasksStorage.swift */; };
		A1000021 /* QuickActionCommand.swift in Sources */ = {isa = PBXBuildFile; fileRef = A2000021 /* QuickActionCommand.swift */; };
		A1000022 /* QuickActionEditSheet.swift in Sources */ = {isa = PBXBuildFile; fileRef = A2000022 /* QuickActionEditSheet.swift */; };
		A1000023 /* KeyboardShortcutsView.swift in Sources */ = {isa = PBXBuildFile; fileRef = A2000023 /* KeyboardShortcutsView.swift */; };
		A1000026 /* SettingsModalView.swift in Sources */ = {isa = PBXBuildFile; fileRef = A2000026 /* SettingsModalView.swift */; };
		A1000025 /* PinnedQuestionsView.swift in Sources */ = {isa = PBXBuildFile; fileRef = A2000025 /* PinnedQuestionsView.swift */; };
		A1000027 /* AppPreferences.swift in Sources */ = {isa = PBXBuildFile; fileRef = A2000027 /* AppPreferences.swift */; };
		A1000028 /* ProjectSettingsStorage.swift in Sources */ = {isa = PBXBuildFile; fileRef = A2000028 /* ProjectSettingsStorage.swift */; };
		A1000029 /* SetDebugURLSheet.swift in Sources */ = {isa = PBXBuildFile; fileRef = A2000029 /* SetDebugURLSheet.swift */; };
		A1000030 /* DialogButtonStyles.swift in Sources */ = {isa = PBXBuildFile; fileRef = A2000030 /* DialogButtonStyles.swift */; };
		A1000031 /* AppDialogSheet.swift in Sources */ = {isa = PBXBuildFile; fileRef = A2000031 /* AppDialogSheet.swift */; };
		A1000032 /* TooltipModifier.swift in Sources */ = {isa = PBXBuildFile; fileRef = A2000032 /* TooltipModifier.swift */; };
		A1000033 /* MetroSpeechBubble.swift in Sources */ = {isa = PBXBuildFile; fileRef = A2000033 /* MetroSpeechBubble.swift */; };
		A1000040 /* ActionButton.swift in Sources */ = {isa = PBXBuildFile; fileRef = A2000040 /* ActionButton.swift */; };
		A1000041 /* ThreeDotMenuButton.swift in Sources */ = {isa = PBXBuildFile; fileRef = A2000041 /* ThreeDotMenuButton.swift */; };
		A1000042 /* IconButton.swift in Sources */ = {isa = PBXBuildFile; fileRef = A2000042 /* IconButton.swift */; };
		A1000024 /* Textual in Frameworks */ = {isa = PBXBuildFile; productRef = A8000003 /* Textual */; };
		A1000036 /* SwiftTerm in Frameworks */ = {isa = PBXBuildFile; productRef = A8000005 /* SwiftTerm */; };
		A1000045 /* Inject in Frameworks */ = {isa = PBXBuildFile; productRef = A8000007 /* Inject */; };
/* End PBXBuildFile section */

/* Begin PBXFileReference section */
		A3000001 /* Cursor Metro.app */ = {isa = PBXFileReference; explicitFileType = wrapper.application; includeInIndex = 0; path = "Cursor Metro.app"; sourceTree = BUILT_PRODUCTS_DIR; };
		A2000001 /* CursorPlusApp.swift */ = {isa = PBXFileReference; lastKnownFileType = sourcecode.swift; path = CursorPlusApp.swift; sourceTree = "<group>"; };
		A2000002 /* PopoutView.swift */ = {isa = PBXFileReference; lastKnownFileType = sourcecode.swift; path = PopoutView.swift; sourceTree = "<group>"; };
		A2000003 /* AgentRunner.swift */ = {isa = PBXFileReference; lastKnownFileType = sourcecode.swift; path = AgentRunner.swift; sourceTree = "<group>"; };
		A2000004 /* SettingsView.swift */ = {isa = PBXFileReference; lastKnownFileType = sourcecode.swift; path = SettingsView.swift; sourceTree = "<group>"; };
		A2000005 /* Assets.xcassets */ = {isa = PBXFileReference; lastKnownFileType = folder.assetcatalog; path = Assets.xcassets; sourceTree = "<group>"; };
		A2000006 /* ConversationModels.swift */ = {isa = PBXFileReference; lastKnownFileType = sourcecode.swift; path = ConversationModels.swift; sourceTree = "<group>"; };
		A2000007 /* CursorTheme.swift */ = {isa = PBXFileReference; lastKnownFileType = sourcecode.swift; path = CursorTheme.swift; sourceTree = "<group>"; };
		A2000008 /* WorkspaceHelpers.swift */ = {isa = PBXFileReference; lastKnownFileType = sourcecode.swift; path = WorkspaceHelpers.swift; sourceTree = "<group>"; };
		A2000009 /* AgentTabState.swift */ = {isa = PBXFileReference; lastKnownFileType = sourcecode.swift; path = AgentTabState.swift; sourceTree = "<group>"; };
		A2000010 /* SubmittableTextEditor.swift */ = {isa = PBXFileReference; lastKnownFileType = sourcecode.swift; path = SubmittableTextEditor.swift; sourceTree = "<group>"; };
		A2000011 /* BrandMark.swift */ = {isa = PBXFileReference; lastKnownFileType = sourcecode.swift; path = BrandMark.swift; sourceTree = "<group>"; };
		A2000012 /* TabChip.swift */ = {isa = PBXFileReference; lastKnownFileType = sourcecode.swift; path = TabChip.swift; sourceTree = "<group>"; };
		A2000013 /* OutputScrollView.swift */ = {isa = PBXFileReference; lastKnownFileType = sourcecode.swift; path = OutputScrollView.swift; sourceTree = "<group>"; };
		A2000014 /* ConversationViews.swift */ = {isa = PBXFileReference; lastKnownFileType = sourcecode.swift; path = ConversationViews.swift; sourceTree = "<group>"; };
		A2000015 /* QuickActionButtonsView.swift */ = {isa = PBXFileReference; lastKnownFileType = sourcecode.swift; path = QuickActionButtonsView.swift; sourceTree = "<group>"; };
		A2000016 /* WorkspacePickerView.swift */ = {isa = PBXFileReference; lastKnownFileType = sourcecode.swift; path = WorkspacePickerView.swift; sourceTree = "<group>"; };
		A2000017 /* ModelPickerView.swift */ = {isa = PBXFileReference; lastKnownFileType = sourcecode.swift; path = ModelPickerView.swift; sourceTree = "<group>"; };
		A2000018 /* GitBranchPickerView.swift */ = {isa = PBXFileReference; lastKnownFileType = sourcecode.swift; path = GitBranchPickerView.swift; sourceTree = "<group>"; };
		A2000019 /* ComposerActionButtonsView.swift */ = {isa = PBXFileReference; lastKnownFileType = sourcecode.swift; path = ComposerActionButtonsView.swift; sourceTree = "<group>"; };
		A2000020 /* ScreenshotCardView.swift */ = {isa = PBXFileReference; lastKnownFileType = sourcecode.swift; path = ScreenshotCardView.swift; sourceTree = "<group>"; };
		A2000035 /* ScreenshotPreviewModal.swift */ = {isa = PBXFileReference; lastKnownFileType = sourcecode.swift; path = ScreenshotPreviewModal.swift; sourceTree = "<group>"; };
		A2000043 /* ScreenshotThumbnailView.swift */ = {isa = PBXFileReference; lastKnownFileType = sourcecode.swift; path = ScreenshotThumbnailView.swift; sourceTree = "<group>"; };
		A2000037 /* EmbeddedTerminalView.swift */ = {isa = PBXFileReference; lastKnownFileType = sourcecode.swift; path = EmbeddedTerminalView.swift; sourceTree = "<group>"; };
		A2000038 /* TasksListView.swift */ = {isa = PBXFileReference; lastKnownFileType = sourcecode.swift; path = TasksListView.swift; sourceTree = "<group>"; };
		A2000044 /* DashboardView.swift */ = {isa = PBXFileReference; lastKnownFileType = sourcecode.swift; path = DashboardView.swift; sourceTree = "<group>"; };
		A2000039 /* ProjectTasksStorage.swift */ = {isa = PBXFileReference; lastKnownFileType = sourcecode.swift; path = ProjectTasksStorage.swift; sourceTree = "<group>"; };
		A2000021 /* QuickActionCommand.swift */ = {isa = PBXFileReference; lastKnownFileType = sourcecode.swift; path = QuickActionCommand.swift; sourceTree = "<group>"; };
		A2000022 /* QuickActionEditSheet.swift */ = {isa = PBXFileReference; lastKnownFileType = sourcecode.swift; path = QuickActionEditSheet.swift; sourceTree = "<group>"; };
		A2000023 /* KeyboardShortcutsView.swift */ = {isa = PBXFileReference; lastKnownFileType = sourcecode.swift; path = KeyboardShortcutsView.swift; sourceTree = "<group>"; };
		A2000026 /* SettingsModalView.swift */ = {isa = PBXFileReference; lastKnownFileType = sourcecode.swift; path = SettingsModalView.swift; sourceTree = "<group>"; };
		A2000025 /* PinnedQuestionsView.swift */ = {isa = PBXFileReference; lastKnownFileType = sourcecode.swift; path = PinnedQuestionsView.swift; sourceTree = "<group>"; };
		A2000027 /* AppPreferences.swift */ = {isa = PBXFileReference; lastKnownFileType = sourcecode.swift; path = AppPreferences.swift; sourceTree = "<group>"; };
		A2000028 /* ProjectSettingsStorage.swift */ = {isa = PBXFileReference; lastKnownFileType = sourcecode.swift; path = ProjectSettingsStorage.swift; sourceTree = "<group>"; };
		A2000029 /* SetDebugURLSheet.swift */ = {isa = PBXFileReference; lastKnownFileType = sourcecode.swift; path = SetDebugURLSheet.swift; sourceTree = "<group>"; };
		A2000030 /* DialogButtonStyles.swift */ = {isa = PBXFileReference; lastKnownFileType = sourcecode.swift; path = DialogButtonStyles.swift; sourceTree = "<group>"; };
		A2000031 /* AppDialogSheet.swift */ = {isa = PBXFileReference; lastKnownFileType = sourcecode.swift; path = AppDialogSheet.swift; sourceTree = "<group>"; };
		A2000032 /* TooltipModifier.swift */ = {isa = PBXFileReference; lastKnownFileType = sourcecode.swift; path = TooltipModifier.swift; sourceTree = "<group>"; };
		A2000033 /* MetroSpeechBubble.swift */ = {isa = PBXFileReference; lastKnownFileType = sourcecode.swift; path = MetroSpeechBubble.swift; sourceTree = "<group>"; };
		A2000040 /* ActionButton.swift */ = {isa = PBXFileReference; lastKnownFileType = sourcecode.swift; path = ActionButton.swift; sourceTree = "<group>"; };
		A2000041 /* ThreeDotMenuButton.swift */ = {isa = PBXFileReference; lastKnownFileType = sourcecode.swift; path = ThreeDotMenuButton.swift; sourceTree = "<group>"; };
		A2000042 /* IconButton.swift */ = {isa = PBXFileReference; lastKnownFileType = sourcecode.swift; path = IconButton.swift; sourceTree = "<group>"; };
/* End PBXFileReference section */

/* Begin PBXFrameworksBuildPhase section */
		A4000001 /* Frameworks */ = {
			isa = PBXFrameworksBuildPhase;
			buildActionMask = 2147483647;
			files = (
				A1000024 /* Textual in Frameworks */,
				A1000036 /* SwiftTerm in Frameworks */,
				A1000045 /* Inject in Frameworks */,
			);
			runOnlyForDeploymentPostprocessing = 0;
		};
/* End PBXFrameworksBuildPhase section */

/* Begin PBXGroup section */
		A5000001 = {
			isa = PBXGroup;
			children = (
				A5000002 /* CursorMetro */,
				A5000003 /* Products */,
			);
			sourceTree = "<group>";
		};
		A5000002 /* CursorMetro */ = {
			isa = PBXGroup;
			children = (
				A5000010 /* App */,
				A5000024 /* UI */,
				A5000022 /* Views */,
				A5000018 /* Models */,
				A5000019 /* Services */,
				A5000020 /* Theme */,
				A5000021 /* Helpers */,
				A2000005 /* Assets.xcassets */,
			);
			path = ".";
			sourceTree = "<group>";
		};
		A5000024 /* UI */ = {
			isa = PBXGroup;
			children = (
				A2000040 /* ActionButton.swift */,
				A2000041 /* ThreeDotMenuButton.swift */,
				A2000042 /* IconButton.swift */,
			);
			path = UI;
			sourceTree = "<group>";
		};
		A5000022 /* Views */ = {
			isa = PBXGroup;
			children = (
				A5000011 /* MainWindow */,
				A5000016 /* Settings */,
				A5000023 /* Components */,
			);
			path = Views;
			sourceTree = "<group>";
		};
		A5000023 /* Components */ = {
			isa = PBXGroup;
			children = (
				A2000031 /* AppDialogSheet.swift */,
				A2000033 /* MetroSpeechBubble.swift */,
			);
			path = Components;
			sourceTree = "<group>";
		};
		A5000010 /* App */ = {
			isa = PBXGroup;
			children = (
				A2000001 /* CursorPlusApp.swift */,
			);
			path = App;
			sourceTree = "<group>";
		};
		A5000011 /* MainWindow */ = {
			isa = PBXGroup;
			children = (
				A2000002 /* PopoutView.swift */,
				A2000037 /* EmbeddedTerminalView.swift */,
				A2000038 /* TasksListView.swift */,
				A2000044 /* DashboardView.swift */,
				A5000012 /* Sidebar */,
				A5000013 /* TopBar */,
				A5000014 /* Composer */,
				A5000015 /* Output */,
				A5000017 /* QuickActions */,
			);
			path = MainWindow;
			sourceTree = "<group>";
		};
		A5000012 /* Sidebar */ = {
			isa = PBXGroup;
			children = (
				A2000012 /* TabChip.swift */,
				A2000016 /* WorkspacePickerView.swift */,
				A2000018 /* GitBranchPickerView.swift */,
			);
			path = Sidebar;
			sourceTree = "<group>";
		};
		A5000013 /* TopBar */ = {
			isa = PBXGroup;
			children = (
				A2000011 /* BrandMark.swift */,
				A2000017 /* ModelPickerView.swift */,
				A2000015 /* QuickActionButtonsView.swift */,
			);
			path = TopBar;
			sourceTree = "<group>";
		};
		A5000014 /* Composer */ = {
			isa = PBXGroup;
			children = (
				A2000010 /* SubmittableTextEditor.swift */,
				A2000019 /* ComposerActionButtonsView.swift */,
				A2000029 /* SetDebugURLSheet.swift */,
				A2000025 /* PinnedQuestionsView.swift */,
			);
			path = Composer;
			sourceTree = "<group>";
		};
		A5000015 /* Output */ = {
			isa = PBXGroup;
			children = (
				A2000013 /* OutputScrollView.swift */,
				A2000014 /* ConversationViews.swift */,
				A2000020 /* ScreenshotCardView.swift */,
				A2000035 /* ScreenshotPreviewModal.swift */,
				A2000043 /* ScreenshotThumbnailView.swift */,
			);
			path = Output;
			sourceTree = "<group>";
		};
		A5000016 /* Settings */ = {
			isa = PBXGroup;
			children = (
				A2000004 /* SettingsView.swift */,
				A2000026 /* SettingsModalView.swift */,
				A2000023 /* KeyboardShortcutsView.swift */,
			);
			path = Settings;
			sourceTree = "<group>";
		};
		A5000017 /* QuickActions */ = {
			isa = PBXGroup;
			children = (
				A2000021 /* QuickActionCommand.swift */,
				A2000022 /* QuickActionEditSheet.swift */,
			);
			path = QuickActions;
			sourceTree = "<group>";
		};
		A5000018 /* Models */ = {
			isa = PBXGroup;
			children = (
				A2000006 /* ConversationModels.swift */,
				A2000009 /* AgentTabState.swift */,
			);
			path = Models;
			sourceTree = "<group>";
		};
		A5000019 /* Services */ = {
			isa = PBXGroup;
			children = (
				A2000003 /* AgentRunner.swift */,
			);
			path = Services;
			sourceTree = "<group>";
		};
		A5000020 /* Theme */ = {
			isa = PBXGroup;
			children = (
				A2000007 /* CursorTheme.swift */,
				A2000030 /* DialogButtonStyles.swift */,
			);
			path = Theme;
			sourceTree = "<group>";
		};
		A5000021 /* Helpers */ = {
			isa = PBXGroup;
			children = (
				A2000027 /* AppPreferences.swift */,
				A2000028 /* ProjectSettingsStorage.swift */,
				A2000039 /* ProjectTasksStorage.swift */,
				A2000008 /* WorkspaceHelpers.swift */,
				A2000032 /* TooltipModifier.swift */,
			);
			path = Helpers;
			sourceTree = "<group>";
		};
		A5000003 /* Products */ = {
			isa = PBXGroup;
			children = (
				A3000001 /* Cursor Metro.app */,
			);
			name = Products;
			sourceTree = "<group>";
		};
/* End PBXGroup section */

/* Begin PBXNativeTarget section */
		A6000001 /* CursorMetro */ = {
			isa = PBXNativeTarget;
			buildConfigurationList = A7000003 /* Build configuration list for PBXNativeTarget "CursorMetro" */;
			buildPhases = (
				A6000002 /* Sources */,
				A4000001 /* Frameworks */,
				A6000003 /* Resources */,
				A6000004 /* Ad-hoc Code Sign */,
			);
			buildRules = (
			);
			dependencies = (
			);
			name = "CursorMetro";
			packageProductDependencies = (
				A8000003 /* Textual */,
				A8000005 /* SwiftTerm */,
				A8000007 /* Inject */,
			);
			productName = "CursorMetro";
			productReference = A3000001 /* Cursor Metro.app */;
			productType = "com.apple.product-type.application";
		};
/* End PBXNativeTarget section */

/* Begin PBXProject section */
		A8000001 /* Project object */ = {
			isa = PBXProject;
			attributes = {
				BuildIndependentTargetsInParallel = 1;
				LastSwiftUpdateCheck = 1500;
				LastUpgradeCheck = 1500;
			};
			buildConfigurationList = A7000001 /* Build configuration list for PBXProject "CursorMetro" */;
			compatibilityVersion = "Xcode 14.0";
			developmentRegion = en;
			hasScannedForEncodings = 0;
			knownRegions = (
				en,
				Base,
			);
			mainGroup = A5000001;
			packageReferences = (
				A8000002 /* XCRemoteSwiftPackageReference "textual" */,
				A8000004 /* XCRemoteSwiftPackageReference "SwiftTerm" */,
				A8000006 /* XCRemoteSwiftPackageReference "Inject" */,
			);
			productRefGroup = A5000003 /* Products */;
			projectDirPath = "";
			projectRoot = "";
			targets = (
				A6000001 /* CursorMetro */,
			);
		};
/* End PBXProject section */

/* Begin PBXResourcesBuildPhase section */
		A6000003 /* Resources */ = {
			isa = PBXResourcesBuildPhase;
			buildActionMask = 2147483647;
			files = (
				A1000005 /* Assets.xcassets in Resources */,
			);
			runOnlyForDeploymentPostprocessing = 0;
		};
/* End PBXResourcesBuildPhase section */

/* Begin PBXShellScriptBuildPhase section */
		A6000004 /* Ad-hoc Code Sign */ = {
			isa = PBXShellScriptBuildPhase;
			buildActionMask = 2147483647;
			files = (
			);
			inputFileListPaths = (
			);
			inputPaths = (
			);
			name = "Ad-hoc Code Sign";
			outputFileListPaths = (
			);
			outputPaths = (
			);
			runOnlyForDeploymentPostprocessing = 0;
			shellPath = /bin/sh;
			shellScript = "codesign -s - --force --deep \"${BUILT_PRODUCTS_DIR}/${WRAPPER_NAME}\"\n";
			showEnvVarsInLog = 0;
		};
/* End PBXShellScriptBuildPhase section */

/* Begin PBXSourcesBuildPhase section */
		A6000002 /* Sources */ = {
			isa = PBXSourcesBuildPhase;
			buildActionMask = 2147483647;
			files = (
				A1000001 /* CursorPlusApp.swift in Sources */,
				A1000002 /* PopoutView.swift in Sources */,
				A1000003 /* AgentRunner.swift in Sources */,
				A1000004 /* SettingsView.swift in Sources */,
				A1000006 /* ConversationModels.swift in Sources */,
				A1000007 /* CursorTheme.swift in Sources */,
				A1000008 /* WorkspaceHelpers.swift in Sources */,
				A1000027 /* AppPreferences.swift in Sources */,
				A1000009 /* AgentTabState.swift in Sources */,
				A1000010 /* SubmittableTextEditor.swift in Sources */,
				A1000011 /* BrandMark.swift in Sources */,
				A1000012 /* TabChip.swift in Sources */,
				A1000013 /* OutputScrollView.swift in Sources */,
				A1000014 /* ConversationViews.swift in Sources */,
				A1000015 /* QuickActionButtonsView.swift in Sources */,
				A1000016 /* WorkspacePickerView.swift in Sources */,
				A1000017 /* ModelPickerView.swift in Sources */,
				A1000018 /* GitBranchPickerView.swift in Sources */,
				A1000019 /* ComposerActionButtonsView.swift in Sources */,
				A1000020 /* ScreenshotCardView.swift in Sources */,
				A1000035 /* ScreenshotPreviewModal.swift in Sources */,
				A1000043 /* ScreenshotThumbnailView.swift in Sources */,
				A1000021 /* QuickActionCommand.swift in Sources */,
				A1000022 /* QuickActionEditSheet.swift in Sources */,
				A1000023 /* KeyboardShortcutsView.swift in Sources */,
				A1000026 /* SettingsModalView.swift in Sources */,
				A1000025 /* PinnedQuestionsView.swift in Sources */,
				A1000028 /* ProjectSettingsStorage.swift in Sources */,
				A1000029 /* SetDebugURLSheet.swift in Sources */,
				A1000030 /* DialogButtonStyles.swift in Sources */,
				A1000031 /* AppDialogSheet.swift in Sources */,
				A1000032 /* TooltipModifier.swift in Sources */,
				A1000033 /* MetroSpeechBubble.swift in Sources */,
				A1000040 /* ActionButton.swift in Sources */,
				A1000041 /* ThreeDotMenuButton.swift in Sources */,
				A1000042 /* IconButton.swift in Sources */,
				A1000037 /* EmbeddedTerminalView.swift in Sources */,
				A1000038 /* TasksListView.swift in Sources */,
				A1000044 /* DashboardView.swift in Sources */,
				A1000039 /* ProjectTasksStorage.swift in Sources */,
			);
			runOnlyForDeploymentPostprocessing = 0;
		};
/* End PBXSourcesBuildPhase section */

/* Begin XCBuildConfiguration section */
		A9000001 /* Debug */ = {
			isa = XCBuildConfiguration;
			buildSettings = {
				ALWAYS_SEARCH_USER_PATHS = NO;
				CLANG_ANALYZER_NONNULL = YES;
				CLANG_CXX_LANGUAGE_STANDARD = "gnu++20";
				COPY_PHASE_STRIP = NO;
				DEBUG_INFORMATION_FORMAT = dwarf;
				ENABLE_STRICT_OBJC_MSGSEND = YES;
				ENABLE_TESTABILITY = YES;
				GCC_DYNAMIC_NO_PIC = NO;
				GCC_OPTIMIZATION_LEVEL = 0;
				GCC_PREPROCESSOR_DEFINITIONS = (
					"DEBUG=1",
					"$(inherited)",
				);
				MACOSX_DEPLOYMENT_TARGET = 15.0;
				MTL_ENABLE_DEBUG_INFO = INCLUDE_SOURCE;
				MTL_FAST_MATH = YES;
				ONLY_ACTIVE_ARCH = YES;
				SDKROOT = macosx;
				SWIFT_ACTIVE_COMPILATION_CONDITIONS = DEBUG;
				SWIFT_OPTIMIZATION_LEVEL = "-Onone";
			};
			name = Debug;
		};
		A9000002 /* Release */ = {
			isa = XCBuildConfiguration;
			buildSettings = {
				ALWAYS_SEARCH_USER_PATHS = NO;
				CLANG_ANALYZER_NONNULL = YES;
				CLANG_CXX_LANGUAGE_STANDARD = "gnu++20";
				COPY_PHASE_STRIP = NO;
				DEBUG_INFORMATION_FORMAT = "dwarf-with-dsym";
				ENABLE_NS_ASSERTIONS = NO;
				ENABLE_STRICT_OBJC_MSGSEND = YES;
				GCC_OPTIMIZATION_LEVEL = s;
				MACOSX_DEPLOYMENT_TARGET = 15.0;
				MTL_ENABLE_DEBUG_INFO = NO;
				MTL_FAST_MATH = YES;
				SDKROOT = macosx;
				SWIFT_COMPILATION_MODE = wholemodule;
			};
			name = Release;
		};
		A9000003 /* Debug */ = {
			isa = XCBuildConfiguration;
			buildSettings = {
				ASSETCATALOG_COMPILER_APPICON_NAME = AppIcon;
				ASSETCATALOG_COMPILER_GLOBAL_ACCENT_COLOR_NAME = AccentColor;
				CODE_SIGN_ENTITLEMENTS = "";
				CODE_SIGN_STYLE = Automatic;
				COMBINE_HIDPI_IMAGES = YES;
				CURRENT_PROJECT_VERSION = 1;
				DEVELOPMENT_ASSET_PATHS = "";
				EMIT_FRONTEND_COMMAND_LINES = YES;
				ENABLE_PREVIEWS = YES;
				GENERATE_INFOPLIST_FILE = NO;
				INFOPLIST_FILE = Info.plist;
				INFOPLIST_KEY_NSHumanReadableCopyright = "";
				LD_RUNPATH_SEARCH_PATHS = (
					"$(inherited)",
					"@executable_path/../Frameworks",
				);
				MACOSX_DEPLOYMENT_TARGET = 15.0;
				MARKETING_VERSION = 1.0;
				OTHER_LDFLAGS = (
					"$(inherited)",
					"-Xlinker",
					"-interposable",
				);
				PRODUCT_BUNDLE_IDENTIFIER = com.cursorplus.app;
				PRODUCT_NAME = "Cursor Metro";
				SWIFT_EMIT_LOC_STRINGS = YES;
				SWIFT_VERSION = 5.0;
			};
			name = Debug;
		};
		A9000004 /* Release */ = {
			isa = XCBuildConfiguration;
			buildSettings = {
				ASSETCATALOG_COMPILER_APPICON_NAME = AppIcon;
				ASSETCATALOG_COMPILER_GLOBAL_ACCENT_COLOR_NAME = AccentColor;
				CODE_SIGN_ENTITLEMENTS = "";
				CODE_SIGN_STYLE = Automatic;
				COMBINE_HIDPI_IMAGES = YES;
				CURRENT_PROJECT_VERSION = 1;
				DEVELOPMENT_ASSET_PATHS = "";
				ENABLE_PREVIEWS = YES;
				GENERATE_INFOPLIST_FILE = NO;
				INFOPLIST_FILE = Info.plist;
				INFOPLIST_KEY_NSHumanReadableCopyright = "";
				LD_RUNPATH_SEARCH_PATHS = (
					"$(inherited)",
					"@executable_path/../Frameworks",
				);
				MACOSX_DEPLOYMENT_TARGET = 15.0;
				MARKETING_VERSION = 1.0;
				PRODUCT_BUNDLE_IDENTIFIER = com.cursorplus.app;
				PRODUCT_NAME = "Cursor Metro";
				SWIFT_EMIT_LOC_STRINGS = YES;
				SWIFT_VERSION = 5.0;
			};
			name = Release;
		};
/* End XCBuildConfiguration section */

/* Begin XCConfigurationList section */
		A7000001 /* Build configuration list for PBXProject "CursorMetro" */ = {
			isa = XCConfigurationList;
			buildConfigurations = (
				A9000001 /* Debug */,
				A9000002 /* Release */,
			);
			defaultConfigurationIsVisible = 0;
			defaultConfigurationName = Release;
		};
		A7000003 /* Build configuration list for PBXNativeTarget "CursorMetro" */ = {
			isa = XCConfigurationList;
			buildConfigurations = (
				A9000003 /* Debug */,
				A9000004 /* Release */,
			);
			defaultConfigurationIsVisible = 0;
			defaultConfigurationName = Release;
		};
/* End XCConfigurationList section */

/* Begin XCRemoteSwiftPackageReference section */
		A8000002 /* XCRemoteSwiftPackageReference "textual" */ = {
			isa = XCRemoteSwiftPackageReference;
			repositoryURL = "https://github.com/gonzalezreal/textual";
			requirement = {
				kind = upToNextMajorVersion;
				minimumVersion = 0.3.1;
			};
		};
		A8000004 /* XCRemoteSwiftPackageReference "SwiftTerm" */ = {
			isa = XCRemoteSwiftPackageReference;
			repositoryURL = "https://github.com/migueldeicaza/SwiftTerm";
			requirement = {
				kind = upToNextMajorVersion;
				minimumVersion = 1.0.0;
			};
		};
		A8000006 /* XCRemoteSwiftPackageReference "Inject" */ = {
			isa = XCRemoteSwiftPackageReference;
			repositoryURL = "https://github.com/krzysztofzablocki/Inject.git";
			requirement = {
				kind = upToNextMajorVersion;
				minimumVersion = 1.0.0;
			};
		};
/* End XCRemoteSwiftPackageReference section */

/* Begin XCSwiftPackageProductDependency section */
		A8000003 /* Textual */ = {
			isa = XCSwiftPackageProductDependency;
			package = A8000002 /* XCRemoteSwiftPackageReference "textual" */;
			productName = Textual;
		};
		A8000005 /* SwiftTerm */ = {
			isa = XCSwiftPackageProductDependency;
			package = A8000004 /* XCRemoteSwiftPackageReference "SwiftTerm" */;
			productName = SwiftTerm;
		};
		A8000007 /* Inject */ = {
			isa = XCSwiftPackageProductDependency;
			package = A8000006 /* XCRemoteSwiftPackageReference "Inject" */;
			productName = Inject;
		};
/* End XCSwiftPackageProductDependency section */
	};
	rootObject = A8000001 /* Project object */;
}
